// !$*UTF8*$!
{
	archiveVersion = 1;
	classes = {
	};
	objectVersion = 55;
	objects = {

/* Begin PBXBuildFile section */
		305CE7F627A547C200023E85 /* MyNotesApp.swift in Sources */ = {isa = PBXBuildFile; fileRef = 305CE7F527A547C200023E85 /* MyNotesApp.swift */; };
		305CE7F827A547C200023E85 /* NotesListView.swift in Sources */ = {isa = PBXBuildFile; fileRef = 305CE7F727A547C200023E85 /* NotesListView.swift */; };
		305CE7FA27A547C300023E85 /* Assets.xcassets in Resources */ = {isa = PBXBuildFile; fileRef = 305CE7F927A547C300023E85 /* Assets.xcassets */; };
		305CE7FD27A547C300023E85 /* Preview Assets.xcassets in Resources */ = {isa = PBXBuildFile; fileRef = 305CE7FC27A547C300023E85 /* Preview Assets.xcassets */; };
		305CE80727A547C300023E85 /* MyNotesTests.swift in Sources */ = {isa = PBXBuildFile; fileRef = 305CE80627A547C300023E85 /* MyNotesTests.swift */; };
		305CE81127A547C300023E85 /* MyNotesUITests.swift in Sources */ = {isa = PBXBuildFile; fileRef = 305CE81027A547C300023E85 /* MyNotesUITests.swift */; };
		305CE81327A547C300023E85 /* MyNotesUITestsLaunchTests.swift in Sources */ = {isa = PBXBuildFile; fileRef = 305CE81227A547C300023E85 /* MyNotesUITestsLaunchTests.swift */; };
		305CE82227A54B8700023E85 /* NoteView.swift in Sources */ = {isa = PBXBuildFile; fileRef = 305CE82127A54B8700023E85 /* NoteView.swift */; };
		305CE82A27A55C2700023E85 /* Constants.swift in Sources */ = {isa = PBXBuildFile; fileRef = 305CE82927A55C2700023E85 /* Constants.swift */; };
		305CE83327A56D0300023E85 /* NoteEditingView.swift in Sources */ = {isa = PBXBuildFile; fileRef = 305CE83227A56D0300023E85 /* NoteEditingView.swift */; };
		305CE83627A579DD00023E85 /* CreateNoteView.swift in Sources */ = {isa = PBXBuildFile; fileRef = 305CE83527A579DD00023E85 /* CreateNoteView.swift */; };
		305CE83D27A81D4900023E85 /* ColorPickerView.swift in Sources */ = {isa = PBXBuildFile; fileRef = 305CE83C27A81D4900023E85 /* ColorPickerView.swift */; };
		305CE84027A82D9700023E85 /* MyNotes.xcdatamodeld in Sources */ = {isa = PBXBuildFile; fileRef = 305CE83E27A82D9700023E85 /* MyNotes.xcdatamodeld */; };
		305CE84527A966A500023E85 /* Color+hexInit.swift in Sources */ = {isa = PBXBuildFile; fileRef = 305CE84427A966A500023E85 /* Color+hexInit.swift */; };
		305CE84827A9737700023E85 /* UIColor+rgba.swift in Sources */ = {isa = PBXBuildFile; fileRef = 305CE84727A9737700023E85 /* UIColor+rgba.swift */; };
		305CE84C27A9831B00023E85 /* NoteProperties.swift in Sources */ = {isa = PBXBuildFile; fileRef = 305CE84B27A9831B00023E85 /* NoteProperties.swift */; };
		3073014527AC40E50040E082 /* UIColor+toHexString.swift in Sources */ = {isa = PBXBuildFile; fileRef = 3073014427AC40E50040E082 /* UIColor+toHexString.swift */; };
		3073014727AC41D00040E082 /* Date+fromString.swift in Sources */ = {isa = PBXBuildFile; fileRef = 3073014627AC41D00040E082 /* Date+fromString.swift */; };
		3073014927AC48CE0040E082 /* Note+viewModelLogic.swift in Sources */ = {isa = PBXBuildFile; fileRef = 3073014827AC48CE0040E082 /* Note+viewModelLogic.swift */; };
		3073014B27AC52190040E082 /* PersistentController.swift in Sources */ = {isa = PBXBuildFile; fileRef = 3073014A27AC52190040E082 /* PersistentController.swift */; };
/* End PBXBuildFile section */

/* Begin PBXContainerItemProxy section */
		305CE80327A547C300023E85 /* PBXContainerItemProxy */ = {
			isa = PBXContainerItemProxy;
			containerPortal = 305CE7EA27A547C200023E85 /* Project object */;
			proxyType = 1;
			remoteGlobalIDString = 305CE7F127A547C200023E85;
			remoteInfo = MyNotes;
		};
		305CE80D27A547C300023E85 /* PBXContainerItemProxy */ = {
			isa = PBXContainerItemProxy;
			containerPortal = 305CE7EA27A547C200023E85 /* Project object */;
			proxyType = 1;
			remoteGlobalIDString = 305CE7F127A547C200023E85;
			remoteInfo = MyNotes;
		};
/* End PBXContainerItemProxy section */

/* Begin PBXFileReference section */
		305CE7F227A547C200023E85 /* MyNotes.app */ = {isa = PBXFileReference; explicitFileType = wrapper.application; includeInIndex = 0; path = MyNotes.app; sourceTree = BUILT_PRODUCTS_DIR; };
		305CE7F527A547C200023E85 /* MyNotesApp.swift */ = {isa = PBXFileReference; lastKnownFileType = sourcecode.swift; path = MyNotesApp.swift; sourceTree = "<group>"; };
		305CE7F727A547C200023E85 /* NotesListView.swift */ = {isa = PBXFileReference; lastKnownFileType = sourcecode.swift; path = NotesListView.swift; sourceTree = "<group>"; };
		305CE7F927A547C300023E85 /* Assets.xcassets */ = {isa = PBXFileReference; lastKnownFileType = folder.assetcatalog; path = Assets.xcassets; sourceTree = "<group>"; };
		305CE7FC27A547C300023E85 /* Preview Assets.xcassets */ = {isa = PBXFileReference; lastKnownFileType = folder.assetcatalog; path = "Preview Assets.xcassets"; sourceTree = "<group>"; };
		305CE80227A547C300023E85 /* MyNotesTests.xctest */ = {isa = PBXFileReference; explicitFileType = wrapper.cfbundle; includeInIndex = 0; path = MyNotesTests.xctest; sourceTree = BUILT_PRODUCTS_DIR; };
		305CE80627A547C300023E85 /* MyNotesTests.swift */ = {isa = PBXFileReference; lastKnownFileType = sourcecode.swift; path = MyNotesTests.swift; sourceTree = "<group>"; };
		305CE80C27A547C300023E85 /* MyNotesUITests.xctest */ = {isa = PBXFileReference; explicitFileType = wrapper.cfbundle; includeInIndex = 0; path = MyNotesUITests.xctest; sourceTree = BUILT_PRODUCTS_DIR; };
		305CE81027A547C300023E85 /* MyNotesUITests.swift */ = {isa = PBXFileReference; lastKnownFileType = sourcecode.swift; path = MyNotesUITests.swift; sourceTree = "<group>"; };
		305CE81227A547C300023E85 /* MyNotesUITestsLaunchTests.swift */ = {isa = PBXFileReference; lastKnownFileType = sourcecode.swift; path = MyNotesUITestsLaunchTests.swift; sourceTree = "<group>"; };
		305CE82127A54B8700023E85 /* NoteView.swift */ = {isa = PBXFileReference; lastKnownFileType = sourcecode.swift; path = NoteView.swift; sourceTree = "<group>"; };
		305CE82927A55C2700023E85 /* Constants.swift */ = {isa = PBXFileReference; lastKnownFileType = sourcecode.swift; path = Constants.swift; sourceTree = "<group>"; };
		305CE83227A56D0300023E85 /* NoteEditingView.swift */ = {isa = PBXFileReference; lastKnownFileType = sourcecode.swift; path = NoteEditingView.swift; sourceTree = "<group>"; };
		305CE83527A579DD00023E85 /* CreateNoteView.swift */ = {isa = PBXFileReference; lastKnownFileType = sourcecode.swift; path = CreateNoteView.swift; sourceTree = "<group>"; };
		305CE83C27A81D4900023E85 /* ColorPickerView.swift */ = {isa = PBXFileReference; lastKnownFileType = sourcecode.swift; path = ColorPickerView.swift; sourceTree = "<group>"; };
		305CE83F27A82D9700023E85 /* MyNotes.xcdatamodel */ = {isa = PBXFileReference; lastKnownFileType = wrapper.xcdatamodel; path = MyNotes.xcdatamodel; sourceTree = "<group>"; };
		305CE84427A966A500023E85 /* Color+hexInit.swift */ = {isa = PBXFileReference; lastKnownFileType = sourcecode.swift; path = "Color+hexInit.swift"; sourceTree = "<group>"; };
		305CE84727A9737700023E85 /* UIColor+rgba.swift */ = {isa = PBXFileReference; lastKnownFileType = sourcecode.swift; path = "UIColor+rgba.swift"; sourceTree = "<group>"; };
		305CE84B27A9831B00023E85 /* NoteProperties.swift */ = {isa = PBXFileReference; lastKnownFileType = sourcecode.swift; path = NoteProperties.swift; sourceTree = "<group>"; };
		3073014427AC40E50040E082 /* UIColor+toHexString.swift */ = {isa = PBXFileReference; lastKnownFileType = sourcecode.swift; path = "UIColor+toHexString.swift"; sourceTree = "<group>"; };
		3073014627AC41D00040E082 /* Date+fromString.swift */ = {isa = PBXFileReference; lastKnownFileType = sourcecode.swift; path = "Date+fromString.swift"; sourceTree = "<group>"; };
		3073014827AC48CE0040E082 /* Note+viewModelLogic.swift */ = {isa = PBXFileReference; lastKnownFileType = sourcecode.swift; path = "Note+viewModelLogic.swift"; sourceTree = "<group>"; };
		3073014A27AC52190040E082 /* PersistentController.swift */ = {isa = PBXFileReference; lastKnownFileType = sourcecode.swift; path = PersistentController.swift; sourceTree = "<group>"; };
/* End PBXFileReference section */

/* Begin PBXFrameworksBuildPhase section */
		305CE7EF27A547C200023E85 /* Frameworks */ = {
			isa = PBXFrameworksBuildPhase;
			buildActionMask = 2147483647;
			files = (
			);
			runOnlyForDeploymentPostprocessing = 0;
		};
		305CE7FF27A547C300023E85 /* Frameworks */ = {
			isa = PBXFrameworksBuildPhase;
			buildActionMask = 2147483647;
			files = (
			);
			runOnlyForDeploymentPostprocessing = 0;
		};
		305CE80927A547C300023E85 /* Frameworks */ = {
			isa = PBXFrameworksBuildPhase;
			buildActionMask = 2147483647;
			files = (
			);
			runOnlyForDeploymentPostprocessing = 0;
		};
/* End PBXFrameworksBuildPhase section */

/* Begin PBXGroup section */
		305CE7E927A547C200023E85 = {
			isa = PBXGroup;
			children = (
				305CE7F427A547C200023E85 /* MyNotes */,
				305CE80527A547C300023E85 /* MyNotesTests */,
				305CE80F27A547C300023E85 /* MyNotesUITests */,
				305CE7F327A547C200023E85 /* Products */,
			);
			sourceTree = "<group>";
		};
		305CE7F327A547C200023E85 /* Products */ = {
			isa = PBXGroup;
			children = (
				305CE7F227A547C200023E85 /* MyNotes.app */,
				305CE80227A547C300023E85 /* MyNotesTests.xctest */,
				305CE80C27A547C300023E85 /* MyNotesUITests.xctest */,
			);
			name = Products;
			sourceTree = "<group>";
		};
		305CE7F427A547C200023E85 /* MyNotes */ = {
			isa = PBXGroup;
			children = (
				305CE84327A8329500023E85 /* Data Access Layer */,
				305CE82827A55C1900023E85 /* Common */,
				305CE82327A5531700023E85 /* Business Logic Layer */,
				305CE82027A548E300023E85 /* App */,
				305CE81F27A548D400023E85 /* Presentation Layer */,
				305CE7FB27A547C300023E85 /* Preview Content */,
			);
			path = MyNotes;
			sourceTree = "<group>";
		};
		305CE7FB27A547C300023E85 /* Preview Content */ = {
			isa = PBXGroup;
			children = (
				305CE7FC27A547C300023E85 /* Preview Assets.xcassets */,
			);
			path = "Preview Content";
			sourceTree = "<group>";
		};
		305CE80527A547C300023E85 /* MyNotesTests */ = {
			isa = PBXGroup;
			children = (
				305CE80627A547C300023E85 /* MyNotesTests.swift */,
			);
			path = MyNotesTests;
			sourceTree = "<group>";
		};
		305CE80F27A547C300023E85 /* MyNotesUITests */ = {
			isa = PBXGroup;
			children = (
				305CE81027A547C300023E85 /* MyNotesUITests.swift */,
				305CE81227A547C300023E85 /* MyNotesUITestsLaunchTests.swift */,
			);
			path = MyNotesUITests;
			sourceTree = "<group>";
		};
		305CE81F27A548D400023E85 /* Presentation Layer */ = {
			isa = PBXGroup;
			children = (
				3081540F27AEED6A00FA62D1 /* Components */,
				3081540E27AEED5500FA62D1 /* Scenes */,
				305CE84627A966BE00023E85 /* Extensions */,
			);
			path = "Presentation Layer";
			sourceTree = "<group>";
		};
		305CE82027A548E300023E85 /* App */ = {
			isa = PBXGroup;
			children = (
				305CE7F527A547C200023E85 /* MyNotesApp.swift */,
			);
			path = App;
			sourceTree = "<group>";
		};
		305CE82327A5531700023E85 /* Business Logic Layer */ = {
			isa = PBXGroup;
			children = (
				3073014827AC48CE0040E082 /* Note+viewModelLogic.swift */,
			);
			path = "Business Logic Layer";
			sourceTree = "<group>";
		};
		305CE82827A55C1900023E85 /* Common */ = {
			isa = PBXGroup;
			children = (
				305CE84B27A9831B00023E85 /* NoteProperties.swift */,
				305CE7F927A547C300023E85 /* Assets.xcassets */,
				305CE82927A55C2700023E85 /* Constants.swift */,
			);
			path = Common;
			sourceTree = "<group>";
		};
		305CE84327A8329500023E85 /* Data Access Layer */ = {
			isa = PBXGroup;
			children = (
				305CE83E27A82D9700023E85 /* MyNotes.xcdatamodeld */,
				3073014A27AC52190040E082 /* PersistentController.swift */,
			);
			path = "Data Access Layer";
			sourceTree = "<group>";
		};
		305CE84627A966BE00023E85 /* Extensions */ = {
			isa = PBXGroup;
			children = (
				305CE84427A966A500023E85 /* Color+hexInit.swift */,
				305CE84727A9737700023E85 /* UIColor+rgba.swift */,
				3073014427AC40E50040E082 /* UIColor+toHexString.swift */,
				3073014627AC41D00040E082 /* Date+fromString.swift */,
			);
			path = Extensions;
			sourceTree = "<group>";
		};
		3081540E27AEED5500FA62D1 /* Scenes */ = {
			isa = PBXGroup;
			children = (
				305CE83527A579DD00023E85 /* CreateNoteView.swift */,
				305CE83227A56D0300023E85 /* NoteEditingView.swift */,
				305CE7F727A547C200023E85 /* NotesListView.swift */,
			);
			path = Scenes;
			sourceTree = "<group>";
		};
		3081540F27AEED6A00FA62D1 /* Components */ = {
			isa = PBXGroup;
			children = (
				305CE83C27A81D4900023E85 /* ColorPickerView.swift */,
				305CE82127A54B8700023E85 /* NoteView.swift */,
			);
			path = Components;
			sourceTree = "<group>";
		};
/* End PBXGroup section */

/* Begin PBXNativeTarget section */
		305CE7F127A547C200023E85 /* MyNotes */ = {
			isa = PBXNativeTarget;
			buildConfigurationList = 305CE81627A547C300023E85 /* Build configuration list for PBXNativeTarget "MyNotes" */;
			buildPhases = (
				305CE7EE27A547C200023E85 /* Sources */,
				305CE7EF27A547C200023E85 /* Frameworks */,
				305CE7F027A547C200023E85 /* Resources */,
			);
			buildRules = (
			);
			dependencies = (
			);
			name = MyNotes;
			productName = MyNotes;
			productReference = 305CE7F227A547C200023E85 /* MyNotes.app */;
			productType = "com.apple.product-type.application";
		};
		305CE80127A547C300023E85 /* MyNotesTests */ = {
			isa = PBXNativeTarget;
			buildConfigurationList = 305CE81927A547C300023E85 /* Build configuration list for PBXNativeTarget "MyNotesTests" */;
			buildPhases = (
				305CE7FE27A547C300023E85 /* Sources */,
				305CE7FF27A547C300023E85 /* Frameworks */,
				305CE80027A547C300023E85 /* Resources */,
			);
			buildRules = (
			);
			dependencies = (
				305CE80427A547C300023E85 /* PBXTargetDependency */,
			);
			name = MyNotesTests;
			productName = MyNotesTests;
			productReference = 305CE80227A547C300023E85 /* MyNotesTests.xctest */;
			productType = "com.apple.product-type.bundle.unit-test";
		};
		305CE80B27A547C300023E85 /* MyNotesUITests */ = {
			isa = PBXNativeTarget;
			buildConfigurationList = 305CE81C27A547C300023E85 /* Build configuration list for PBXNativeTarget "MyNotesUITests" */;
			buildPhases = (
				305CE80827A547C300023E85 /* Sources */,
				305CE80927A547C300023E85 /* Frameworks */,
				305CE80A27A547C300023E85 /* Resources */,
			);
			buildRules = (
			);
			dependencies = (
				305CE80E27A547C300023E85 /* PBXTargetDependency */,
			);
			name = MyNotesUITests;
			productName = MyNotesUITests;
			productReference = 305CE80C27A547C300023E85 /* MyNotesUITests.xctest */;
			productType = "com.apple.product-type.bundle.ui-testing";
		};
/* End PBXNativeTarget section */

/* Begin PBXProject section */
		305CE7EA27A547C200023E85 /* Project object */ = {
			isa = PBXProject;
			attributes = {
				BuildIndependentTargetsInParallel = 1;
				LastSwiftUpdateCheck = 1320;
				LastUpgradeCheck = 1320;
				TargetAttributes = {
					305CE7F127A547C200023E85 = {
						CreatedOnToolsVersion = 13.2.1;
					};
					305CE80127A547C300023E85 = {
						CreatedOnToolsVersion = 13.2.1;
						TestTargetID = 305CE7F127A547C200023E85;
					};
					305CE80B27A547C300023E85 = {
						CreatedOnToolsVersion = 13.2.1;
						TestTargetID = 305CE7F127A547C200023E85;
					};
				};
			};
			buildConfigurationList = 305CE7ED27A547C200023E85 /* Build configuration list for PBXProject "MyNotes" */;
			compatibilityVersion = "Xcode 13.0";
			developmentRegion = en;
			hasScannedForEncodings = 0;
			knownRegions = (
				en,
				Base,
			);
			mainGroup = 305CE7E927A547C200023E85;
			productRefGroup = 305CE7F327A547C200023E85 /* Products */;
			projectDirPath = "";
			projectRoot = "";
			targets = (
				305CE7F127A547C200023E85 /* MyNotes */,
				305CE80127A547C300023E85 /* MyNotesTests */,
				305CE80B27A547C300023E85 /* MyNotesUITests */,
			);
		};
/* End PBXProject section */

/* Begin PBXResourcesBuildPhase section */
		305CE7F027A547C200023E85 /* Resources */ = {
			isa = PBXResourcesBuildPhase;
			buildActionMask = 2147483647;
			files = (
				305CE7FD27A547C300023E85 /* Preview Assets.xcassets in Resources */,
				305CE7FA27A547C300023E85 /* Assets.xcassets in Resources */,
			);
			runOnlyForDeploymentPostprocessing = 0;
		};
		305CE80027A547C300023E85 /* Resources */ = {
			isa = PBXResourcesBuildPhase;
			buildActionMask = 2147483647;
			files = (
			);
			runOnlyForDeploymentPostprocessing = 0;
		};
		305CE80A27A547C300023E85 /* Resources */ = {
			isa = PBXResourcesBuildPhase;
			buildActionMask = 2147483647;
			files = (
			);
			runOnlyForDeploymentPostprocessing = 0;
		};
/* End PBXResourcesBuildPhase section */

/* Begin PBXSourcesBuildPhase section */
		305CE7EE27A547C200023E85 /* Sources */ = {
			isa = PBXSourcesBuildPhase;
			buildActionMask = 2147483647;
			files = (
				305CE82A27A55C2700023E85 /* Constants.swift in Sources */,
				305CE84C27A9831B00023E85 /* NoteProperties.swift in Sources */,
				3073014727AC41D00040E082 /* Date+fromString.swift in Sources */,
				305CE83627A579DD00023E85 /* CreateNoteView.swift in Sources */,
				305CE83D27A81D4900023E85 /* ColorPickerView.swift in Sources */,
				305CE84527A966A500023E85 /* Color+hexInit.swift in Sources */,
				3073014527AC40E50040E082 /* UIColor+toHexString.swift in Sources */,
				305CE84027A82D9700023E85 /* MyNotes.xcdatamodeld in Sources */,
				3073014B27AC52190040E082 /* PersistentController.swift in Sources */,
				305CE7F827A547C200023E85 /* NotesListView.swift in Sources */,
				3073014927AC48CE0040E082 /* Note+viewModelLogic.swift in Sources */,
				305CE7F627A547C200023E85 /* MyNotesApp.swift in Sources */,
				305CE83327A56D0300023E85 /* NoteEditingView.swift in Sources */,
				305CE82227A54B8700023E85 /* NoteView.swift in Sources */,
				305CE84827A9737700023E85 /* UIColor+rgba.swift in Sources */,
			);
			runOnlyForDeploymentPostprocessing = 0;
		};
		305CE7FE27A547C300023E85 /* Sources */ = {
			isa = PBXSourcesBuildPhase;
			buildActionMask = 2147483647;
			files = (
				305CE80727A547C300023E85 /* MyNotesTests.swift in Sources */,
			);
			runOnlyForDeploymentPostprocessing = 0;
		};
		305CE80827A547C300023E85 /* Sources */ = {
			isa = PBXSourcesBuildPhase;
			buildActionMask = 2147483647;
			files = (
				305CE81327A547C300023E85 /* MyNotesUITestsLaunchTests.swift in Sources */,
				305CE81127A547C300023E85 /* MyNotesUITests.swift in Sources */,
			);
			runOnlyForDeploymentPostprocessing = 0;
		};
/* End PBXSourcesBuildPhase section */

/* Begin PBXTargetDependency section */
		305CE80427A547C300023E85 /* PBXTargetDependency */ = {
			isa = PBXTargetDependency;
			target = 305CE7F127A547C200023E85 /* MyNotes */;
			targetProxy = 305CE80327A547C300023E85 /* PBXContainerItemProxy */;
		};
		305CE80E27A547C300023E85 /* PBXTargetDependency */ = {
			isa = PBXTargetDependency;
			target = 305CE7F127A547C200023E85 /* MyNotes */;
			targetProxy = 305CE80D27A547C300023E85 /* PBXContainerItemProxy */;
		};
/* End PBXTargetDependency section */

/* Begin XCBuildConfiguration section */
		305CE81427A547C300023E85 /* Debug */ = {
			isa = XCBuildConfiguration;
			buildSettings = {
				ALWAYS_SEARCH_USER_PATHS = NO;
				CLANG_ANALYZER_NONNULL = YES;
				CLANG_ANALYZER_NUMBER_OBJECT_CONVERSION = YES_AGGRESSIVE;
				CLANG_CXX_LANGUAGE_STANDARD = "gnu++17";
				CLANG_CXX_LIBRARY = "libc++";
				CLANG_ENABLE_MODULES = YES;
				CLANG_ENABLE_OBJC_ARC = YES;
				CLANG_ENABLE_OBJC_WEAK = YES;
				CLANG_WARN_BLOCK_CAPTURE_AUTORELEASING = YES;
				CLANG_WARN_BOOL_CONVERSION = YES;
				CLANG_WARN_COMMA = YES;
				CLANG_WARN_CONSTANT_CONVERSION = YES;
				CLANG_WARN_DEPRECATED_OBJC_IMPLEMENTATIONS = YES;
				CLANG_WARN_DIRECT_OBJC_ISA_USAGE = YES_ERROR;
				CLANG_WARN_DOCUMENTATION_COMMENTS = YES;
				CLANG_WARN_EMPTY_BODY = YES;
				CLANG_WARN_ENUM_CONVERSION = YES;
				CLANG_WARN_INFINITE_RECURSION = YES;
				CLANG_WARN_INT_CONVERSION = YES;
				CLANG_WARN_NON_LITERAL_NULL_CONVERSION = YES;
				CLANG_WARN_OBJC_IMPLICIT_RETAIN_SELF = YES;
				CLANG_WARN_OBJC_LITERAL_CONVERSION = YES;
				CLANG_WARN_OBJC_ROOT_CLASS = YES_ERROR;
				CLANG_WARN_QUOTED_INCLUDE_IN_FRAMEWORK_HEADER = YES;
				CLANG_WARN_RANGE_LOOP_ANALYSIS = YES;
				CLANG_WARN_STRICT_PROTOTYPES = YES;
				CLANG_WARN_SUSPICIOUS_MOVE = YES;
				CLANG_WARN_UNGUARDED_AVAILABILITY = YES_AGGRESSIVE;
				CLANG_WARN_UNREACHABLE_CODE = YES;
				CLANG_WARN__DUPLICATE_METHOD_MATCH = YES;
				COPY_PHASE_STRIP = NO;
				DEBUG_INFORMATION_FORMAT = dwarf;
				ENABLE_STRICT_OBJC_MSGSEND = YES;
				ENABLE_TESTABILITY = YES;
				GCC_C_LANGUAGE_STANDARD = gnu11;
				GCC_DYNAMIC_NO_PIC = NO;
				GCC_NO_COMMON_BLOCKS = YES;
				GCC_OPTIMIZATION_LEVEL = 0;
				GCC_PREPROCESSOR_DEFINITIONS = (
					"DEBUG=1",
					"$(inherited)",
				);
				GCC_WARN_64_TO_32_BIT_CONVERSION = YES;
				GCC_WARN_ABOUT_RETURN_TYPE = YES_ERROR;
				GCC_WARN_UNDECLARED_SELECTOR = YES;
				GCC_WARN_UNINITIALIZED_AUTOS = YES_AGGRESSIVE;
				GCC_WARN_UNUSED_FUNCTION = YES;
				GCC_WARN_UNUSED_VARIABLE = YES;
				IPHONEOS_DEPLOYMENT_TARGET = 15.0;
				MTL_ENABLE_DEBUG_INFO = INCLUDE_SOURCE;
				MTL_FAST_MATH = YES;
				ONLY_ACTIVE_ARCH = YES;
				SDKROOT = iphoneos;
				SWIFT_ACTIVE_COMPILATION_CONDITIONS = DEBUG;
				SWIFT_OPTIMIZATION_LEVEL = "-Onone";
			};
			name = Debug;
		};
		305CE81527A547C300023E85 /* Release */ = {
			isa = XCBuildConfiguration;
			buildSettings = {
				ALWAYS_SEARCH_USER_PATHS = NO;
				CLANG_ANALYZER_NONNULL = YES;
				CLANG_ANALYZER_NUMBER_OBJECT_CONVERSION = YES_AGGRESSIVE;
				CLANG_CXX_LANGUAGE_STANDARD = "gnu++17";
				CLANG_CXX_LIBRARY = "libc++";
				CLANG_ENABLE_MODULES = YES;
				CLANG_ENABLE_OBJC_ARC = YES;
				CLANG_ENABLE_OBJC_WEAK = YES;
				CLANG_WARN_BLOCK_CAPTURE_AUTORELEASING = YES;
				CLANG_WARN_BOOL_CONVERSION = YES;
				CLANG_WARN_COMMA = YES;
				CLANG_WARN_CONSTANT_CONVERSION = YES;
				CLANG_WARN_DEPRECATED_OBJC_IMPLEMENTATIONS = YES;
				CLANG_WARN_DIRECT_OBJC_ISA_USAGE = YES_ERROR;
				CLANG_WARN_DOCUMENTATION_COMMENTS = YES;
				CLANG_WARN_EMPTY_BODY = YES;
				CLANG_WARN_ENUM_CONVERSION = YES;
				CLANG_WARN_INFINITE_RECURSION = YES;
				CLANG_WARN_INT_CONVERSION = YES;
				CLANG_WARN_NON_LITERAL_NULL_CONVERSION = YES;
				CLANG_WARN_OBJC_IMPLICIT_RETAIN_SELF = YES;
				CLANG_WARN_OBJC_LITERAL_CONVERSION = YES;
				CLANG_WARN_OBJC_ROOT_CLASS = YES_ERROR;
				CLANG_WARN_QUOTED_INCLUDE_IN_FRAMEWORK_HEADER = YES;
				CLANG_WARN_RANGE_LOOP_ANALYSIS = YES;
				CLANG_WARN_STRICT_PROTOTYPES = YES;
				CLANG_WARN_SUSPICIOUS_MOVE = YES;
				CLANG_WARN_UNGUARDED_AVAILABILITY = YES_AGGRESSIVE;
				CLANG_WARN_UNREACHABLE_CODE = YES;
				CLANG_WARN__DUPLICATE_METHOD_MATCH = YES;
				COPY_PHASE_STRIP = NO;
				DEBUG_INFORMATION_FORMAT = "dwarf-with-dsym";
				ENABLE_NS_ASSERTIONS = NO;
				ENABLE_STRICT_OBJC_MSGSEND = YES;
				GCC_C_LANGUAGE_STANDARD = gnu11;
				GCC_NO_COMMON_BLOCKS = YES;
				GCC_WARN_64_TO_32_BIT_CONVERSION = YES;
				GCC_WARN_ABOUT_RETURN_TYPE = YES_ERROR;
				GCC_WARN_UNDECLARED_SELECTOR = YES;
				GCC_WARN_UNINITIALIZED_AUTOS = YES_AGGRESSIVE;
				GCC_WARN_UNUSED_FUNCTION = YES;
				GCC_WARN_UNUSED_VARIABLE = YES;
				IPHONEOS_DEPLOYMENT_TARGET = 15.0;
				MTL_ENABLE_DEBUG_INFO = NO;
				MTL_FAST_MATH = YES;
				SDKROOT = iphoneos;
				SWIFT_COMPILATION_MODE = wholemodule;
				SWIFT_OPTIMIZATION_LEVEL = "-O";
				VALIDATE_PRODUCT = YES;
			};
			name = Release;
		};
		305CE81727A547C300023E85 /* Debug */ = {
			isa = XCBuildConfiguration;
			buildSettings = {
				ASSETCATALOG_COMPILER_APPICON_NAME = AppIcon;
				ASSETCATALOG_COMPILER_GLOBAL_ACCENT_COLOR_NAME = AccentColor;
				CODE_SIGN_STYLE = Automatic;
				CURRENT_PROJECT_VERSION = 1;
				DEVELOPMENT_ASSET_PATHS = "\"MyNotes/Preview Content\"";
				DEVELOPMENT_TEAM = 2AW67YD59U;
				ENABLE_PREVIEWS = YES;
				GENERATE_INFOPLIST_FILE = YES;
				INFOPLIST_KEY_UIApplicationSceneManifest_Generation = YES;
				INFOPLIST_KEY_UIApplicationSupportsIndirectInputEvents = YES;
				INFOPLIST_KEY_UILaunchScreen_Generation = YES;
				INFOPLIST_KEY_UISupportedInterfaceOrientations_iPad = "UIInterfaceOrientationPortrait UIInterfaceOrientationPortraitUpsideDown UIInterfaceOrientationLandscapeLeft UIInterfaceOrientationLandscapeRight";
				INFOPLIST_KEY_UISupportedInterfaceOrientations_iPhone = "UIInterfaceOrientationPortrait UIInterfaceOrientationLandscapeLeft UIInterfaceOrientationLandscapeRight";
				IPHONEOS_DEPLOYMENT_TARGET = 15.0;
				LD_RUNPATH_SEARCH_PATHS = (
					"$(inherited)",
					"@executable_path/Frameworks",
				);
				MARKETING_VERSION = 1.0;
				PRODUCT_BUNDLE_IDENTIFIER = Meritocrat.MyNotes;
				PRODUCT_NAME = "$(TARGET_NAME)";
				SWIFT_EMIT_LOC_STRINGS = YES;
				SWIFT_VERSION = 5.0;
				TARGETED_DEVICE_FAMILY = "1,2";
			};
			name = Debug;
		};
		305CE81827A547C300023E85 /* Release */ = {
			isa = XCBuildConfiguration;
			buildSettings = {
				ASSETCATALOG_COMPILER_APPICON_NAME = AppIcon;
				ASSETCATALOG_COMPILER_GLOBAL_ACCENT_COLOR_NAME = AccentColor;
				CODE_SIGN_STYLE = Automatic;
				CURRENT_PROJECT_VERSION = 1;
				DEVELOPMENT_ASSET_PATHS = "\"MyNotes/Preview Content\"";
				DEVELOPMENT_TEAM = 2AW67YD59U;
				ENABLE_PREVIEWS = YES;
				GENERATE_INFOPLIST_FILE = YES;
				INFOPLIST_KEY_UIApplicationSceneManifest_Generation = YES;
				INFOPLIST_KEY_UIApplicationSupportsIndirectInputEvents = YES;
				INFOPLIST_KEY_UILaunchScreen_Generation = YES;
				INFOPLIST_KEY_UISupportedInterfaceOrientations_iPad = "UIInterfaceOrientationPortrait UIInterfaceOrientationPortraitUpsideDown UIInterfaceOrientationLandscapeLeft UIInterfaceOrientationLandscapeRight";
				INFOPLIST_KEY_UISupportedInterfaceOrientations_iPhone = "UIInterfaceOrientationPortrait UIInterfaceOrientationLandscapeLeft UIInterfaceOrientationLandscapeRight";
				IPHONEOS_DEPLOYMENT_TARGET = 15.0;
				LD_RUNPATH_SEARCH_PATHS = (
					"$(inherited)",
					"@executable_path/Frameworks",
				);
				MARKETING_VERSION = 1.0;
				PRODUCT_BUNDLE_IDENTIFIER = Meritocrat.MyNotes;
				PRODUCT_NAME = "$(TARGET_NAME)";
				SWIFT_EMIT_LOC_STRINGS = YES;
				SWIFT_VERSION = 5.0;
				TARGETED_DEVICE_FAMILY = "1,2";
			};
			name = Release;
		};
		305CE81A27A547C300023E85 /* Debug */ = {
			isa = XCBuildConfiguration;
			buildSettings = {
				ALWAYS_EMBED_SWIFT_STANDARD_LIBRARIES = YES;
				BUNDLE_LOADER = "$(TEST_HOST)";
				CODE_SIGN_STYLE = Automatic;
				CURRENT_PROJECT_VERSION = 1;
				DEVELOPMENT_TEAM = 2AW67YD59U;
				GENERATE_INFOPLIST_FILE = YES;
				IPHONEOS_DEPLOYMENT_TARGET = 15.2;
				MARKETING_VERSION = 1.0;
				PRODUCT_BUNDLE_IDENTIFIER = Meritocrat.MyNotesTests;
				PRODUCT_NAME = "$(TARGET_NAME)";
				SWIFT_EMIT_LOC_STRINGS = NO;
				SWIFT_VERSION = 5.0;
				TARGETED_DEVICE_FAMILY = "1,2";
				TEST_HOST = "$(BUILT_PRODUCTS_DIR)/MyNotes.app/MyNotes";
			};
			name = Debug;
		};
		305CE81B27A547C300023E85 /* Release */ = {
			isa = XCBuildConfiguration;
			buildSettings = {
				ALWAYS_EMBED_SWIFT_STANDARD_LIBRARIES = YES;
				BUNDLE_LOADER = "$(TEST_HOST)";
				CODE_SIGN_STYLE = Automatic;
				CURRENT_PROJECT_VERSION = 1;
				DEVELOPMENT_TEAM = 2AW67YD59U;
				GENERATE_INFOPLIST_FILE = YES;
				IPHONEOS_DEPLOYMENT_TARGET = 15.2;
				MARKETING_VERSION = 1.0;
				PRODUCT_BUNDLE_IDENTIFIER = Meritocrat.MyNotesTests;
				PRODUCT_NAME = "$(TARGET_NAME)";
				SWIFT_EMIT_LOC_STRINGS = NO;
				SWIFT_VERSION = 5.0;
				TARGETED_DEVICE_FAMILY = "1,2";
				TEST_HOST = "$(BUILT_PRODUCTS_DIR)/MyNotes.app/MyNotes";
			};
			name = Release;
		};
		305CE81D27A547C300023E85 /* Debug */ = {
			isa = XCBuildConfiguration;
			buildSettings = {
				ALWAYS_EMBED_SWIFT_STANDARD_LIBRARIES = YES;
				CODE_SIGN_STYLE = Automatic;
				CURRENT_PROJECT_VERSION = 1;
				DEVELOPMENT_TEAM = 2AW67YD59U;
				GENERATE_INFOPLIST_FILE = YES;
				MARKETING_VERSION = 1.0;
				PRODUCT_BUNDLE_IDENTIFIER = Meritocrat.MyNotesUITests;
				PRODUCT_NAME = "$(TARGET_NAME)";
				SWIFT_EMIT_LOC_STRINGS = NO;
				SWIFT_VERSION = 5.0;
				TARGETED_DEVICE_FAMILY = "1,2";
				TEST_TARGET_NAME = MyNotes;
			};
			name = Debug;
		};
		305CE81E27A547C300023E85 /* Release */ = {
			isa = XCBuildConfiguration;
			buildSettings = {
				ALWAYS_EMBED_SWIFT_STANDARD_LIBRARIES = YES;
				CODE_SIGN_STYLE = Automatic;
				CURRENT_PROJECT_VERSION = 1;
				DEVELOPMENT_TEAM = 2AW67YD59U;
				GENERATE_INFOPLIST_FILE = YES;
				MARKETING_VERSION = 1.0;
				PRODUCT_BUNDLE_IDENTIFIER = Meritocrat.MyNotesUITests;
				PRODUCT_NAME = "$(TARGET_NAME)";
				SWIFT_EMIT_LOC_STRINGS = NO;
				SWIFT_VERSION = 5.0;
				TARGETED_DEVICE_FAMILY = "1,2";
				TEST_TARGET_NAME = MyNotes;
			};
			name = Release;
		};
/* End XCBuildConfiguration section */

/* Begin XCConfigurationList section */
		305CE7ED27A547C200023E85 /* Build configuration list for PBXProject "MyNotes" */ = {
			isa = XCConfigurationList;
			buildConfigurations = (
				305CE81427A547C300023E85 /* Debug */,
				305CE81527A547C300023E85 /* Release */,
			);
			defaultConfigurationIsVisible = 0;
			defaultConfigurationName = Release;
		};
		305CE81627A547C300023E85 /* Build configuration list for PBXNativeTarget "MyNotes" */ = {
			isa = XCConfigurationList;
			buildConfigurations = (
				305CE81727A547C300023E85 /* Debug */,
				305CE81827A547C300023E85 /* Release */,
			);
			defaultConfigurationIsVisible = 0;
			defaultConfigurationName = Release;
		};
		305CE81927A547C300023E85 /* Build configuration list for PBXNativeTarget "MyNotesTests" */ = {
			isa = XCConfigurationList;
			buildConfigurations = (
				305CE81A27A547C300023E85 /* Debug */,
				305CE81B27A547C300023E85 /* Release */,
			);
			defaultConfigurationIsVisible = 0;
			defaultConfigurationName = Release;
		};
		305CE81C27A547C300023E85 /* Build configuration list for PBXNativeTarget "MyNotesUITests" */ = {
			isa = XCConfigurationList;
			buildConfigurations = (
				305CE81D27A547C300023E85 /* Debug */,
				305CE81E27A547C300023E85 /* Release */,
			);
			defaultConfigurationIsVisible = 0;
			defaultConfigurationName = Release;
		};
/* End XCConfigurationList section */

/* Begin XCVersionGroup section */
		305CE83E27A82D9700023E85 /* MyNotes.xcdatamodeld */ = {
			isa = XCVersionGroup;
			children = (
				305CE83F27A82D9700023E85 /* MyNotes.xcdatamodel */,
			);
			currentVersion = 305CE83F27A82D9700023E85 /* MyNotes.xcdatamodel */;
			path = MyNotes.xcdatamodeld;
			sourceTree = "<group>";
			versionGroupType = wrapper.xcdatamodel;
		};
/* End XCVersionGroup section */
	};
	rootObject = 305CE7EA27A547C200023E85 /* Project object */;
}
